# This file was autogenerated by Stack.
# You should not edit this file by hand.
# For more information, please see the documentation at:
#   https://docs.haskellstack.org/en/stable/lock_files

packages:
- completed:
    hackage: palette-0.3.0.2@sha256:583ab3b018a26ae8788c6a13007d72edeb9231315da8728b9bb4ff5f4236a374,1522
    pantry-tree:
      size: 6342
      sha256: fd476440e94fc797e7dfe033c88c8925c23aaf8ea40cdccbfff9c132760cdc64
  original:
    hackage: palette-0.3.0.2@sha256:583ab3b018a26ae8788c6a13007d72edeb9231315da8728b9bb4ff5f4236a374,1522
snapshots:
- completed:
    size: 491373
    url: https://raw.githubusercontent.com/commercialhaskell/stackage-snapshots/master/lts/15/3.yaml
    sha256: 29e9ff61b8bf4b4fcff55cde3ac106ebb971f0d21331dccac9eee63374fa6ca8
  original: lts-15.3
